PODS:
  - AFNetworking/Reachability (3.2.1)
  - BeeHive (1.6.0)
  - Masonry (1.1.0)
  - MBProgressHUD (1.1.0)
  - MJExtension (3.0.17)
  - MJRefresh (3.2.0)
  - MXBase (3.3.2):
    - MXBase/Alert (= 3.3.2)
    - MXBase/AttributeStringTool (= 3.3.2)
    - MXBase/Base (= 3.3.2)
    - MXBase/BeeHive (= 3.3.2)
    - MXBase/BlockTool (= 3.3.2)
    - MXBase/Category (= 3.3.2)
    - MXBase/CustomView (= 3.3.2)
    - MXBase/EmptyView (= 3.3.2)
    - MXBase/ErrorLoadingView (= 3.3.2)
    - MXBase/Helpers (= 3.3.2)
    - MXBase/KvoController (= 3.3.2)
    - MXBase/MenuPage (= 3.3.2)
    - MXBase/NavigationVC (= 3.3.2)
    - MXBase/Parser (= 3.3.2)
    - MXBase/PhotoLibrary (= 3.3.2)
    - MXBase/Pickers (= 3.3.2)
    - MXBase/Refresh (= 3.3.2)
    - MXBase/SelectAddress (= 3.3.2)
    - MXBase/System (= 3.3.2)
    - MXBase/Toast (= 3.3.2)
  - MXBase/Alert (3.3.2):
    - Masonry
    - MXBase/AttributeStringTool
    - MXBase/Base
    - MXBase/Category
    - SDCAlertView (~> 2.5.4)
  - MXBase/AttributeStringTool (3.3.2)
  - MXBase/Base (3.3.2):
    - UICKeyChainStore
  - MXBase/BeeHive (3.3.2):
    - BeeHive
  - MXBase/BlockTool (3.3.2)
  - MXBase/Category (3.3.2)
  - MXBase/CustomView (3.3.2)
  - MXBase/EmptyView (3.3.2):
    - Masonry
    - MXBase/Category
  - MXBase/ErrorLoadingView (3.3.2):
    - Masonry
    - MBProgressHUD
    - MXBase/Category
  - MXBase/Helpers (3.3.2)
  - MXBase/KvoController (3.3.2)
  - MXBase/MenuPage (3.3.2):
    - WMPageController
  - MXBase/NavigationVC (3.3.2):
    - MXBase/Category
  - MXBase/Parser (3.3.2):
    - MJExtension
  - MXBase/PhotoLibrary (3.3.2):
    - MXBase/Base
    - MXBase/Category
  - MXBase/Pickers (3.3.2)
  - MXBase/Refresh (3.3.2):
    - MJRefresh
    - MXBase/Category
  - MXBase/SelectAddress (3.3.2)
  - MXBase/System (3.3.2):
    - AFNetworking/Reachability
    - MXBase/Base
  - MXBase/Toast (3.3.2)
  - RBBAnimation (0.4.0)
  - SDCAlertView (2.5.4):
    - RBBAnimation (~> 0.3)
    - SDCAutoLayout (~> 2.0)
  - SDCAutoLayout (2.0.3)
  - UICKeyChainStore (2.1.2)
  - WMPageController (2.5.2)

DEPENDENCIES:
  - MXBase (from `../`)

SPEC REPOS:
  https://github.com/cocoapods/specs.git:
    - AFNetworking
    - BeeHive
    - Masonry
    - MBProgressHUD
    - MJExtension
    - MJRefresh
    - RBBAnimation
    - SDCAlertView
    - SDCAutoLayout
    - UICKeyChainStore
    - WMPageController

EXTERNAL SOURCES:
  MXBase:
    :path: "../"

SPEC CHECKSUMS:
  AFNetworking: b6f891fdfaed196b46c7a83cf209e09697b94057
  BeeHive: 64c01ddec33b9ef8813701e075eeb732327d0f75
  Masonry: 678fab65091a9290e40e2832a55e7ab731aad201
  MBProgressHUD: e7baa36a220447d8aeb12769bf0585582f3866d9
  MJExtension: 74ec83124a68891619fb7ba9c5c811bbf1691076
  MJRefresh: ed450d6eb9d3346a2cb033ab7eb6de090aeef437
  MXBase: c7b85dc7d0b77933701199217b0ea7a45313dd1a
  RBBAnimation: 4b2d66f6d993febce63cd564da934985313b9c59
  SDCAlertView: 2e2b0ecc5f1ec367e45d83efa2e512688ca7fa55
  SDCAutoLayout: e6885bb39ab8e2ec2ff84d158f38035f025f7420
  UICKeyChainStore: 85db518bb1d294366d15ec9b92a416c4e670518f
  WMPageController: 0c7624d2b48e4f1ab92371688cf6744ed701575d

PODFILE CHECKSUM: 755e538ec2502decfdade6e8441f800e85a38e73

COCOAPODS: 1.6.1
